// !$*UTF8*$!
{
	archiveVersion = 1;
	classes = {
	};
	objectVersion = 56;
	objects = {

/* Begin PBXBuildFile section */
		7F88797A29FE1DF100E957E6 /* FigurinhasApp.swift in Sources */ = {isa = PBXBuildFile; fileRef = 7F88797929FE1DF100E957E6 /* FigurinhasApp.swift */; };
		7F88797C29FE1DF100E957E6 /* ContentView.swift in Sources */ = {isa = PBXBuildFile; fileRef = 7F88797B29FE1DF100E957E6 /* ContentView.swift */; };
		7F88797E29FE1DF200E957E6 /* Assets.xcassets in Resources */ = {isa = PBXBuildFile; fileRef = 7F88797D29FE1DF200E957E6 /* Assets.xcassets */; };
		7F88798129FE1DF200E957E6 /* Preview Assets.xcassets in Resources */ = {isa = PBXBuildFile; fileRef = 7F88798029FE1DF200E957E6 /* Preview Assets.xcassets */; };
		7F88798829FEC77200E957E6 /* PropertiesView.swift in Sources */ = {isa = PBXBuildFile; fileRef = 7F88798729FEC77200E957E6 /* PropertiesView.swift */; };
		7F88798A29FEC95D00E957E6 /* FigurinhaDetailView.swift in Sources */ = {isa = PBXBuildFile; fileRef = 7F88798929FEC95D00E957E6 /* FigurinhaDetailView.swift */; };
		7F88798C29FECAF400E957E6 /* FigurinhasView.swift in Sources */ = {isa = PBXBuildFile; fileRef = 7F88798B29FECAF400E957E6 /* FigurinhasView.swift */; };
		7F88798E29FECE8500E957E6 /* PropertyEditView.swift in Sources */ = {isa = PBXBuildFile; fileRef = 7F88798D29FECE8500E957E6 /* PropertyEditView.swift */; };
		7F88799029FED1A600E957E6 /* ModelData.swift in Sources */ = {isa = PBXBuildFile; fileRef = 7F88798F29FED1A600E957E6 /* ModelData.swift */; };
/* End PBXBuildFile section */

/* Begin PBXFileReference section */
		7F88797629FE1DF100E957E6 /* Figurinhas.app */ = {isa = PBXFileReference; explicitFileType = wrapper.application; includeInIndex = 0; path = Figurinhas.app; sourceTree = BUILT_PRODUCTS_DIR; };
		7F88797929FE1DF100E957E6 /* FigurinhasApp.swift */ = {isa = PBXFileReference; lastKnownFileType = sourcecode.swift; path = FigurinhasApp.swift; sourceTree = "<group>"; };
		7F88797B29FE1DF100E957E6 /* ContentView.swift */ = {isa = PBXFileReference; lastKnownFileType = sourcecode.swift; path = ContentView.swift; sourceTree = "<group>"; };
		7F88797D29FE1DF200E957E6 /* Assets.xcassets */ = {isa = PBXFileReference; lastKnownFileType = folder.assetcatalog; path = Assets.xcassets; sourceTree = "<group>"; };
		7F88798029FE1DF200E957E6 /* Preview Assets.xcassets */ = {isa = PBXFileReference; lastKnownFileType = folder.assetcatalog; path = "Preview Assets.xcassets"; sourceTree = "<group>"; };
		7F88798729FEC77200E957E6 /* PropertiesView.swift */ = {isa = PBXFileReference; lastKnownFileType = sourcecode.swift; path = PropertiesView.swift; sourceTree = "<group>"; };
		7F88798929FEC95D00E957E6 /* FigurinhaDetailView.swift */ = {isa = PBXFileReference; lastKnownFileType = sourcecode.swift; path = FigurinhaDetailView.swift; sourceTree = "<group>"; };
		7F88798B29FECAF400E957E6 /* FigurinhasView.swift */ = {isa = PBXFileReference; lastKnownFileType = sourcecode.swift; path = FigurinhasView.swift; sourceTree = "<group>"; };
		7F88798D29FECE8500E957E6 /* PropertyEditView.swift */ = {isa = PBXFileReference; lastKnownFileType = sourcecode.swift; path = PropertyEditView.swift; sourceTree = "<group>"; };
		7F88798F29FED1A600E957E6 /* ModelData.swift */ = {isa = PBXFileReference; lastKnownFileType = sourcecode.swift; path = ModelData.swift; sourceTree = "<group>"; };
/* End PBXFileReference section */

/* Begin PBXFrameworksBuildPhase section */
		7F88797329FE1DF100E957E6 /* Frameworks */ = {
			isa = PBXFrameworksBuildPhase;
			buildActionMask = 2147483647;
			files = (
			);
			runOnlyForDeploymentPostprocessing = 0;
		};
/* End PBXFrameworksBuildPhase section */

/* Begin PBXGroup section */
		7F88796D29FE1DF100E957E6 = {
			isa = PBXGroup;
			children = (
				7F88797829FE1DF100E957E6 /* Figurinhas */,
				7F88797729FE1DF100E957E6 /* Products */,
			);
			sourceTree = "<group>";
		};
		7F88797729FE1DF100E957E6 /* Products */ = {
			isa = PBXGroup;
			children = (
				7F88797629FE1DF100E957E6 /* Figurinhas.app */,
			);
			name = Products;
			sourceTree = "<group>";
		};
		7F88797829FE1DF100E957E6 /* Figurinhas */ = {
			isa = PBXGroup;
			children = (
				7F88798F29FED1A600E957E6 /* ModelData.swift */,
				7F88797929FE1DF100E957E6 /* FigurinhasApp.swift */,
				7F88797B29FE1DF100E957E6 /* ContentView.swift */,
				7F88798B29FECAF400E957E6 /* FigurinhasView.swift */,
				7F88798929FEC95D00E957E6 /* FigurinhaDetailView.swift */,
				7F88798729FEC77200E957E6 /* PropertiesView.swift */,
				7F88798D29FECE8500E957E6 /* PropertyEditView.swift */,
				7F88797D29FE1DF200E957E6 /* Assets.xcassets */,
				7F88797F29FE1DF200E957E6 /* Preview Content */,
			);
			path = Figurinhas;
			sourceTree = "<group>";
		};
		7F88797F29FE1DF200E957E6 /* Preview Content */ = {
			isa = PBXGroup;
			children = (
				7F88798029FE1DF200E957E6 /* Preview Assets.xcassets */,
			);
			path = "Preview Content";
			sourceTree = "<group>";
		};
/* End PBXGroup section */

/* Begin PBXNativeTarget section */
		7F88797529FE1DF100E957E6 /* Figurinhas */ = {
			isa = PBXNativeTarget;
			buildConfigurationList = 7F88798429FE1DF200E957E6 /* Build configuration list for PBXNativeTarget "Figurinhas" */;
			buildPhases = (
				7F88797229FE1DF100E957E6 /* Sources */,
				7F88797329FE1DF100E957E6 /* Frameworks */,
				7F88797429FE1DF100E957E6 /* Resources */,
			);
			buildRules = (
			);
			dependencies = (
			);
			name = Figurinhas;
			productName = Figurinhas;
			productReference = 7F88797629FE1DF100E957E6 /* Figurinhas.app */;
			productType = "com.apple.product-type.application";
		};
/* End PBXNativeTarget section */

/* Begin PBXProject section */
		7F88796E29FE1DF100E957E6 /* Project object */ = {
			isa = PBXProject;
			attributes = {
				BuildIndependentTargetsInParallel = 1;
				LastSwiftUpdateCheck = 1430;
				LastUpgradeCheck = 1430;
				TargetAttributes = {
					7F88797529FE1DF100E957E6 = {
						CreatedOnToolsVersion = 14.3;
					};
				};
			};
			buildConfigurationList = 7F88797129FE1DF100E957E6 /* Build configuration list for PBXProject "Figurinhas" */;
			compatibilityVersion = "Xcode 14.0";
			developmentRegion = en;
			hasScannedForEncodings = 0;
			knownRegions = (
				en,
				Base,
			);
			mainGroup = 7F88796D29FE1DF100E957E6;
			productRefGroup = 7F88797729FE1DF100E957E6 /* Products */;
			projectDirPath = "";
			projectRoot = "";
			targets = (
				7F88797529FE1DF100E957E6 /* Figurinhas */,
			);
		};
/* End PBXProject section */

/* Begin PBXResourcesBuildPhase section */
		7F88797429FE1DF100E957E6 /* Resources */ = {
			isa = PBXResourcesBuildPhase;
			buildActionMask = 2147483647;
			files = (
				7F88798129FE1DF200E957E6 /* Preview Assets.xcassets in Resources */,
				7F88797E29FE1DF200E957E6 /* Assets.xcassets in Resources */,
			);
			runOnlyForDeploymentPostprocessing = 0;
		};
/* End PBXResourcesBuildPhase section */

/* Begin PBXSourcesBuildPhase section */
		7F88797229FE1DF100E957E6 /* Sources */ = {
			isa = PBXSourcesBuildPhase;
			buildActionMask = 2147483647;
			files = (
				7F88798829FEC77200E957E6 /* PropertiesView.swift in Sources */,
				7F88797C29FE1DF100E957E6 /* ContentView.swift in Sources */,
				7F88798C29FECAF400E957E6 /* FigurinhasView.swift in Sources */,
				7F88798E29FECE8500E957E6 /* PropertyEditView.swift in Sources */,
				7F88797A29FE1DF100E957E6 /* FigurinhasApp.swift in Sources */,
				7F88798A29FEC95D00E957E6 /* FigurinhaDetailView.swift in Sources */,
				7F88799029FED1A600E957E6 /* ModelData.swift in Sources */,
			);
			runOnlyForDeploymentPostprocessing = 0;
		};
/* End PBXSourcesBuildPhase section */

/* Begin XCBuildConfiguration section */
		7F88798229FE1DF200E957E6 /* Debug */ = {
			isa = XCBuildConfiguration;
			buildSettings = {
				ALWAYS_SEARCH_USER_PATHS = NO;
				CLANG_ANALYZER_NONNULL = YES;
				CLANG_ANALYZER_NUMBER_OBJECT_CONVERSION = YES_AGGRESSIVE;
				CLANG_CXX_LANGUAGE_STANDARD = "gnu++20";
				CLANG_ENABLE_MODULES = YES;
				CLANG_ENABLE_OBJC_ARC = YES;
				CLANG_ENABLE_OBJC_WEAK = YES;
				CLANG_WARN_BLOCK_CAPTURE_AUTORELEASING = YES;
				CLANG_WARN_BOOL_CONVERSION = YES;
				CLANG_WARN_COMMA = YES;
				CLANG_WARN_CONSTANT_CONVERSION = YES;
				CLANG_WARN_DEPRECATED_OBJC_IMPLEMENTATIONS = YES;
				CLANG_WARN_DIRECT_OBJC_ISA_USAGE = YES_ERROR;
				CLANG_WARN_DOCUMENTATION_COMMENTS = YES;
				CLANG_WARN_EMPTY_BODY = YES;
				CLANG_WARN_ENUM_CONVERSION = YES;
				CLANG_WARN_INFINITE_RECURSION = YES;
				CLANG_WARN_INT_CONVERSION = YES;
				CLANG_WARN_NON_LITERAL_NULL_CONVERSION = YES;
				CLANG_WARN_OBJC_IMPLICIT_RETAIN_SELF = YES;
				CLANG_WARN_OBJC_LITERAL_CONVERSION = YES;
				CLANG_WARN_OBJC_ROOT_CLASS = YES_ERROR;
				CLANG_WARN_QUOTED_INCLUDE_IN_FRAMEWORK_HEADER = YES;
				CLANG_WARN_RANGE_LOOP_ANALYSIS = YES;
				CLANG_WARN_STRICT_PROTOTYPES = YES;
				CLANG_WARN_SUSPICIOUS_MOVE = YES;
				CLANG_WARN_UNGUARDED_AVAILABILITY = YES_AGGRESSIVE;
				CLANG_WARN_UNREACHABLE_CODE = YES;
				CLANG_WARN__DUPLICATE_METHOD_MATCH = YES;
				COPY_PHASE_STRIP = NO;
				DEBUG_INFORMATION_FORMAT = dwarf;
				ENABLE_STRICT_OBJC_MSGSEND = YES;
				ENABLE_TESTABILITY = YES;
				GCC_C_LANGUAGE_STANDARD = gnu11;
				GCC_DYNAMIC_NO_PIC = NO;
				GCC_NO_COMMON_BLOCKS = YES;
				GCC_OPTIMIZATION_LEVEL = 0;
				GCC_PREPROCESSOR_DEFINITIONS = (
					"DEBUG=1",
					"$(inherited)",
				);
				GCC_WARN_64_TO_32_BIT_CONVERSION = YES;
				GCC_WARN_ABOUT_RETURN_TYPE = YES_ERROR;
				GCC_WARN_UNDECLARED_SELECTOR = YES;
				GCC_WARN_UNINITIALIZED_AUTOS = YES_AGGRESSIVE;
				GCC_WARN_UNUSED_FUNCTION = YES;
				GCC_WARN_UNUSED_VARIABLE = YES;
				IPHONEOS_DEPLOYMENT_TARGET = 16.4;
				MTL_ENABLE_DEBUG_INFO = INCLUDE_SOURCE;
				MTL_FAST_MATH = YES;
				ONLY_ACTIVE_ARCH = YES;
				SDKROOT = iphoneos;
				SWIFT_ACTIVE_COMPILATION_CONDITIONS = DEBUG;
				SWIFT_OPTIMIZATION_LEVEL = "-Onone";
			};
			name = Debug;
		};
		7F88798329FE1DF200E957E6 /* Release */ = {
			isa = XCBuildConfiguration;
			buildSettings = {
				ALWAYS_SEARCH_USER_PATHS = NO;
				CLANG_ANALYZER_NONNULL = YES;
				CLANG_ANALYZER_NUMBER_OBJECT_CONVERSION = YES_AGGRESSIVE;
				CLANG_CXX_LANGUAGE_STANDARD = "gnu++20";
				CLANG_ENABLE_MODULES = YES;
				CLANG_ENABLE_OBJC_ARC = YES;
				CLANG_ENABLE_OBJC_WEAK = YES;
				CLANG_WARN_BLOCK_CAPTURE_AUTORELEASING = YES;
				CLANG_WARN_BOOL_CONVERSION = YES;
				CLANG_WARN_COMMA = YES;
				CLANG_WARN_CONSTANT_CONVERSION = YES;
				CLANG_WARN_DEPRECATED_OBJC_IMPLEMENTATIONS = YES;
				CLANG_WARN_DIRECT_OBJC_ISA_USAGE = YES_ERROR;
				CLANG_WARN_DOCUMENTATION_COMMENTS = YES;
				CLANG_WARN_EMPTY_BODY = YES;
				CLANG_WARN_ENUM_CONVERSION = YES;
				CLANG_WARN_INFINITE_RECURSION = YES;
				CLANG_WARN_INT_CONVERSION = YES;
				CLANG_WARN_NON_LITERAL_NULL_CONVERSION = YES;
				CLANG_WARN_OBJC_IMPLICIT_RETAIN_SELF = YES;
				CLANG_WARN_OBJC_LITERAL_CONVERSION = YES;
				CLANG_WARN_OBJC_ROOT_CLASS = YES_ERROR;
				CLANG_WARN_QUOTED_INCLUDE_IN_FRAMEWORK_HEADER = YES;
				CLANG_WARN_RANGE_LOOP_ANALYSIS = YES;
				CLANG_WARN_STRICT_PROTOTYPES = YES;
				CLANG_WARN_SUSPICIOUS_MOVE = YES;
				CLANG_WARN_UNGUARDED_AVAILABILITY = YES_AGGRESSIVE;
				CLANG_WARN_UNREACHABLE_CODE = YES;
				CLANG_WARN__DUPLICATE_METHOD_MATCH = YES;
				COPY_PHASE_STRIP = NO;
				DEBUG_INFORMATION_FORMAT = "dwarf-with-dsym";
				ENABLE_NS_ASSERTIONS = NO;
				ENABLE_STRICT_OBJC_MSGSEND = YES;
				GCC_C_LANGUAGE_STANDARD = gnu11;
				GCC_NO_COMMON_BLOCKS = YES;
				GCC_WARN_64_TO_32_BIT_CONVERSION = YES;
				GCC_WARN_ABOUT_RETURN_TYPE = YES_ERROR;
				GCC_WARN_UNDECLARED_SELECTOR = YES;
				GCC_WARN_UNINITIALIZED_AUTOS = YES_AGGRESSIVE;
				GCC_WARN_UNUSED_FUNCTION = YES;
				GCC_WARN_UNUSED_VARIABLE = YES;
				IPHONEOS_DEPLOYMENT_TARGET = 16.4;
				MTL_ENABLE_DEBUG_INFO = NO;
				MTL_FAST_MATH = YES;
				SDKROOT = iphoneos;
				SWIFT_COMPILATION_MODE = wholemodule;
				SWIFT_OPTIMIZATION_LEVEL = "-O";
				VALIDATE_PRODUCT = YES;
			};
			name = Release;
		};
		7F88798529FE1DF200E957E6 /* Debug */ = {
			isa = XCBuildConfiguration;
			buildSettings = {
				ASSETCATALOG_COMPILER_APPICON_NAME = AppIcon;
				ASSETCATALOG_COMPILER_GLOBAL_ACCENT_COLOR_NAME = AccentColor;
				CODE_SIGN_STYLE = Automatic;
				CURRENT_PROJECT_VERSION = 1;
				DEVELOPMENT_ASSET_PATHS = "\"Figurinhas/Preview Content\"";
				ENABLE_PREVIEWS = YES;
				GENERATE_INFOPLIST_FILE = YES;
				INFOPLIST_KEY_UIApplicationSceneManifest_Generation = YES;
				INFOPLIST_KEY_UIApplicationSupportsIndirectInputEvents = YES;
				INFOPLIST_KEY_UILaunchScreen_Generation = YES;
				INFOPLIST_KEY_UISupportedInterfaceOrientations_iPad = "UIInterfaceOrientationPortrait UIInterfaceOrientationPortraitUpsideDown UIInterfaceOrientationLandscapeLeft UIInterfaceOrientationLandscapeRight";
				INFOPLIST_KEY_UISupportedInterfaceOrientations_iPhone = "UIInterfaceOrientationPortrait UIInterfaceOrientationLandscapeLeft UIInterfaceOrientationLandscapeRight";
				LD_RUNPATH_SEARCH_PATHS = (
					"$(inherited)",
					"@executable_path/Frameworks",
				);
				MARKETING_VERSION = 1.0;
				PRODUCT_BUNDLE_IDENTIFIER = com.mcurvello.Figurinhas;
				PRODUCT_NAME = "$(TARGET_NAME)";
				SWIFT_EMIT_LOC_STRINGS = YES;
				SWIFT_VERSION = 5.0;
				TARGETED_DEVICE_FAMILY = "1,2";
			};
			name = Debug;
		};
		7F88798629FE1DF200E957E6 /* Release */ = {
			isa = XCBuildConfiguration;
			buildSettings = {
				ASSETCATALOG_COMPILER_APPICON_NAME = AppIcon;
				ASSETCATALOG_COMPILER_GLOBAL_ACCENT_COLOR_NAME = AccentColor;
				CODE_SIGN_STYLE = Automatic;
				CURRENT_PROJECT_VERSION = 1;
				DEVELOPMENT_ASSET_PATHS = "\"Figurinhas/Preview Content\"";
				ENABLE_PREVIEWS = YES;
				GENERATE_INFOPLIST_FILE = YES;
				INFOPLIST_KEY_UIApplicationSceneManifest_Generation = YES;
				INFOPLIST_KEY_UIApplicationSupportsIndirectInputEvents = YES;
				INFOPLIST_KEY_UILaunchScreen_Generation = YES;
				INFOPLIST_KEY_UISupportedInterfaceOrientations_iPad = "UIInterfaceOrientationPortrait UIInterfaceOrientationPortraitUpsideDown UIInterfaceOrientationLandscapeLeft UIInterfaceOrientationLandscapeRight";
				INFOPLIST_KEY_UISupportedInterfaceOrientations_iPhone = "UIInterfaceOrientationPortrait UIInterfaceOrientationLandscapeLeft UIInterfaceOrientationLandscapeRight";
				LD_RUNPATH_SEARCH_PATHS = (
					"$(inherited)",
					"@executable_path/Frameworks",
				);
				MARKETING_VERSION = 1.0;
				PRODUCT_BUNDLE_IDENTIFIER = com.mcurvello.Figurinhas;
				PRODUCT_NAME = "$(TARGET_NAME)";
				SWIFT_EMIT_LOC_STRINGS = YES;
				SWIFT_VERSION = 5.0;
				TARGETED_DEVICE_FAMILY = "1,2";
			};
			name = Release;
		};
/* End XCBuildConfiguration section */

/* Begin XCConfigurationList section */
		7F88797129FE1DF100E957E6 /* Build configuration list for PBXProject "Figurinhas" */ = {
			isa = XCConfigurationList;
			buildConfigurations = (
				7F88798229FE1DF200E957E6 /* Debug */,
				7F88798329FE1DF200E957E6 /* Release */,
			);
			defaultConfigurationIsVisible = 0;
			defaultConfigurationName = Release;
		};
		7F88798429FE1DF200E957E6 /* Build configuration list for PBXNativeTarget "Figurinhas" */ = {
			isa = XCConfigurationList;
			buildConfigurations = (
				7F88798529FE1DF200E957E6 /* Debug */,
				7F88798629FE1DF200E957E6 /* Release */,
			);
			defaultConfigurationIsVisible = 0;
			defaultConfigurationName = Release;
		};
/* End XCConfigurationList section */
	};
	rootObject = 7F88796E29FE1DF100E957E6 /* Project object */;
}
